Microsoft Visual Studio Solution File, Format Version 11.00
# Visual Studio 2008

Project("{1B37D805-BCD8-8F95-0AB1-C6555590C04C}") = "Wizbat_terraindmg4", "Assembly-CSharp-firstpass.csproj", "{0D60C412-94A4-1EA9-806A-CDEDD32A3DB5}"
EndProject
Project("{1B37D805-BCD8-8F95-0AB1-C6555590C04C}") = "Wizbat_terraindmg4", "Assembly-CSharp.csproj", "{AD796E51-2988-F172-4824-EDA3B3BC0DC2}"
EndProject
Project("{1B37D805-BCD8-8F95-0AB1-C6555590C04C}") = "Wizbat_terraindmg4", "Assembly-UnityScript-firstpass.unityproj", "{EC55003B-5B1C-2DDB-37A7-4BD4BFC7F617}"
EndProject
Global
	GlobalSection(SolutionConfigurationPlatforms) = preSolution
		Debug|Any CPU = Debug|Any CPU
		Release|Any CPU = Release|Any CPU
	EndGlobalSection
	GlobalSection(ProjectConfigurationPlatforms) = postSolution
		{0D60C412-94A4-1EA9-806A-CDEDD32A3DB5}.Debug|Any CPU.ActiveCfg = Debug|Any CPU
		{0D60C412-94A4-1EA9-806A-CDEDD32A3DB5}.Debug|Any CPU.Build.0 = Debug|Any CPU
		{0D60C412-94A4-1EA9-806A-CDEDD32A3DB5}.Release|Any CPU.ActiveCfg = Release|Any CPU
		{0D60C412-94A4-1EA9-806A-CDEDD32A3DB5}.Release|Any CPU.Build.0 = Release|Any CPU
		{AD796E51-2988-F172-4824-EDA3B3BC0DC2}.Debug|Any CPU.ActiveCfg = Debug|Any CPU
		{AD796E51-2988-F172-4824-EDA3B3BC0DC2}.Debug|Any CPU.Build.0 = Debug|Any CPU
		{AD796E51-2988-F172-4824-EDA3B3BC0DC2}.Release|Any CPU.ActiveCfg = Release|Any CPU
		{AD796E51-2988-F172-4824-EDA3B3BC0DC2}.Release|Any CPU.Build.0 = Release|Any CPU
		{EC55003B-5B1C-2DDB-37A7-4BD4BFC7F617}.Debug|Any CPU.ActiveCfg = Debug|Any CPU
		{EC55003B-5B1C-2DDB-37A7-4BD4BFC7F617}.Debug|Any CPU.Build.0 = Debug|Any CPU
		{EC55003B-5B1C-2DDB-37A7-4BD4BFC7F617}.Release|Any CPU.ActiveCfg = Release|Any CPU
		{EC55003B-5B1C-2DDB-37A7-4BD4BFC7F617}.Release|Any CPU.Build.0 = Release|Any CPU
	EndGlobalSection
	GlobalSection(SolutionProperties) = preSolution
		HideSolutionNode = FALSE
	EndGlobalSection
	GlobalSection(MonoDevelopProperties) = preSolution
		StartupItem = Assembly-CSharp.csproj
		Policies = $0
		$0.TextStylePolicy = $1
		$1.inheritsSet = null
		$1.scope = text/x-csharp
		$0.CSharpFormattingPolicy = $2
		$2.inheritsSet = Mono
		$2.inheritsScope = text/x-csharp
		$2.scope = text/x-csharp
		$0.TextStylePolicy = $3
		$3.FileWidth = 120
		$3.TabWidth = 4
		$3.EolMarker = Unix
		$3.inheritsSet = Mono
		$3.inheritsScope = text/plain
		$3.scope = text/plain
	EndGlobalSection
EndGlobal
